
Microsoft Visual Studio Solution File, Format Version 12.00
# Visual Studio Version 16
VisualStudioVersion = 16.0.29418.71
MinimumVisualStudioVersion = 10.0.40219.1
Project("{FAE04EC0-301F-11D3-BF4B-00C04F79EFBC}") = "EndevFWNwtCore", "EndevFWNwtCore\EndevFWNwtCore.csproj", "{7FACA40E-FF37-499B-A185-873CB98CB538}"
EndProject
Global
	GlobalSection(SolutionConfigurationPlatforms) = preSolution
		Debug|Any CPU = Debug|Any CPU
		Release|Any CPU = Release|Any CPU
	EndGlobalSection
	GlobalSection(ProjectConfigurationPlatforms) = postSolution
		{7FACA40E-FF37-499B-A185-873CB98CB538}.Debug|Any CPU.ActiveCfg = Debug|Any CPU
		{7FACA40E-FF37-499B-A185-873CB98CB538}.Debug|Any CPU.Build.0 = Debug|Any CPU
		{7FACA40E-FF37-499B-A185-873CB98CB538}.Release|Any CPU.ActiveCfg = Release|Any CPU
		{7FACA40E-FF37-499B-A185-873CB98CB538}.Release|Any CPU.Build.0 = Release|Any CPU
	EndGlobalSection
	GlobalSection(SolutionProperties) = preSolution
		HideSolutionNode = FALSE
	EndGlobalSection
	GlobalSection(ExtensibilityGlobals) = postSolution
		SolutionGuid = {1079FDC7-DF78-41B2-888B-211F4048AED8}
	EndGlobalSection
EndGlobal
