
Microsoft Visual Studio Solution File, Format Version 12.00
# Visual Studio Version 16
VisualStudioVersion = 16.0.29418.71
MinimumVisualStudioVersion = 10.0.40219.1
Project("{FAE04EC0-301F-11D3-BF4B-00C04F79EFBC}") = "EndevFrameworkNetworkCore", "EndevFWNwtCore\EndevFrameworkNetworkCore.csproj", "{7FACA40E-FF37-499B-A185-873CB98CB538}"
EndProject
Project("{FAE04EC0-301F-11D3-BF4B-00C04F79EFBC}") = "SampleAppClient", "SampleAppClient\SampleAppClient.csproj", "{4AB833C7-A80B-4DDD-A358-7D32CE9031A2}"
EndProject
Project("{FAE04EC0-301F-11D3-BF4B-00C04F79EFBC}") = "SampleAppServer", "SampleAppServer\SampleAppServer.csproj", "{DD0DA5D1-ADF8-4080-928F-01A06AA74F6E}"
EndProject
Project("{FAE04EC0-301F-11D3-BF4B-00C04F79EFBC}") = "SampleStartupAssist", "SampleStartupAssist\SampleStartupAssist.csproj", "{30FAEDF9-F030-4BC3-888E-84C5EF8BE8AD}"
EndProject
Project("{FAE04EC0-301F-11D3-BF4B-00C04F79EFBC}") = "DemoServer", "NetComServerInstruction\DemoServer.csproj", "{658EA8D4-EC5A-4DD9-8518-63C08A10DF6E}"
EndProject
Project("{FAE04EC0-301F-11D3-BF4B-00C04F79EFBC}") = "DemoClient", "NetComClientDemo\DemoClient.csproj", "{719C58FF-3E46-4245-BF57-EF1068C1F0C0}"
EndProject
Project("{FAE04EC0-301F-11D3-BF4B-00C04F79EFBC}") = "DemoCustomInstructions", "DemoNetComCustomInstructions\DemoCustomInstructions.csproj", "{76B6430B-8681-4472-8F1E-FEF8F78BE09D}"
EndProject
Project("{FAE04EC0-301F-11D3-BF4B-00C04F79EFBC}") = "DemoUserGroups", "DemoNetComUserGroups\DemoUserGroups.csproj", "{BD1462B9-80C1-452B-A556-DE7DBB46322F}"
EndProject
Project("{FAE04EC0-301F-11D3-BF4B-00C04F79EFBC}") = "DemoCustomAuthentication", "DemoCustomAuthentication\DemoCustomAuthentication.csproj", "{0DF5DE06-09F7-43C6-B492-7D056115DCE3}"
EndProject
Global
	GlobalSection(SolutionConfigurationPlatforms) = preSolution
		Debug|Any CPU = Debug|Any CPU
		Release|Any CPU = Release|Any CPU
	EndGlobalSection
	GlobalSection(ProjectConfigurationPlatforms) = postSolution
		{7FACA40E-FF37-499B-A185-873CB98CB538}.Debug|Any CPU.ActiveCfg = Debug|Any CPU
		{7FACA40E-FF37-499B-A185-873CB98CB538}.Debug|Any CPU.Build.0 = Debug|Any CPU
		{7FACA40E-FF37-499B-A185-873CB98CB538}.Release|Any CPU.ActiveCfg = Release|Any CPU
		{7FACA40E-FF37-499B-A185-873CB98CB538}.Release|Any CPU.Build.0 = Release|Any CPU
		{4AB833C7-A80B-4DDD-A358-7D32CE9031A2}.Debug|Any CPU.ActiveCfg = Debug|Any CPU
		{4AB833C7-A80B-4DDD-A358-7D32CE9031A2}.Debug|Any CPU.Build.0 = Debug|Any CPU
		{4AB833C7-A80B-4DDD-A358-7D32CE9031A2}.Release|Any CPU.ActiveCfg = Release|Any CPU
		{4AB833C7-A80B-4DDD-A358-7D32CE9031A2}.Release|Any CPU.Build.0 = Release|Any CPU
		{DD0DA5D1-ADF8-4080-928F-01A06AA74F6E}.Debug|Any CPU.ActiveCfg = Debug|Any CPU
		{DD0DA5D1-ADF8-4080-928F-01A06AA74F6E}.Debug|Any CPU.Build.0 = Debug|Any CPU
		{DD0DA5D1-ADF8-4080-928F-01A06AA74F6E}.Release|Any CPU.ActiveCfg = Release|Any CPU
		{DD0DA5D1-ADF8-4080-928F-01A06AA74F6E}.Release|Any CPU.Build.0 = Release|Any CPU
		{30FAEDF9-F030-4BC3-888E-84C5EF8BE8AD}.Debug|Any CPU.ActiveCfg = Debug|Any CPU
		{30FAEDF9-F030-4BC3-888E-84C5EF8BE8AD}.Debug|Any CPU.Build.0 = Debug|Any CPU
		{30FAEDF9-F030-4BC3-888E-84C5EF8BE8AD}.Release|Any CPU.ActiveCfg = Release|Any CPU
		{30FAEDF9-F030-4BC3-888E-84C5EF8BE8AD}.Release|Any CPU.Build.0 = Release|Any CPU
		{658EA8D4-EC5A-4DD9-8518-63C08A10DF6E}.Debug|Any CPU.ActiveCfg = Debug|Any CPU
		{658EA8D4-EC5A-4DD9-8518-63C08A10DF6E}.Debug|Any CPU.Build.0 = Debug|Any CPU
		{658EA8D4-EC5A-4DD9-8518-63C08A10DF6E}.Release|Any CPU.ActiveCfg = Release|Any CPU
		{658EA8D4-EC5A-4DD9-8518-63C08A10DF6E}.Release|Any CPU.Build.0 = Release|Any CPU
		{719C58FF-3E46-4245-BF57-EF1068C1F0C0}.Debug|Any CPU.ActiveCfg = Debug|Any CPU
		{719C58FF-3E46-4245-BF57-EF1068C1F0C0}.Debug|Any CPU.Build.0 = Debug|Any CPU
		{719C58FF-3E46-4245-BF57-EF1068C1F0C0}.Release|Any CPU.ActiveCfg = Release|Any CPU
		{719C58FF-3E46-4245-BF57-EF1068C1F0C0}.Release|Any CPU.Build.0 = Release|Any CPU
		{76B6430B-8681-4472-8F1E-FEF8F78BE09D}.Debug|Any CPU.ActiveCfg = Debug|Any CPU
		{76B6430B-8681-4472-8F1E-FEF8F78BE09D}.Debug|Any CPU.Build.0 = Debug|Any CPU
		{76B6430B-8681-4472-8F1E-FEF8F78BE09D}.Release|Any CPU.ActiveCfg = Release|Any CPU
		{76B6430B-8681-4472-8F1E-FEF8F78BE09D}.Release|Any CPU.Build.0 = Release|Any CPU
		{BD1462B9-80C1-452B-A556-DE7DBB46322F}.Debug|Any CPU.ActiveCfg = Debug|Any CPU
		{BD1462B9-80C1-452B-A556-DE7DBB46322F}.Debug|Any CPU.Build.0 = Debug|Any CPU
		{BD1462B9-80C1-452B-A556-DE7DBB46322F}.Release|Any CPU.ActiveCfg = Release|Any CPU
		{BD1462B9-80C1-452B-A556-DE7DBB46322F}.Release|Any CPU.Build.0 = Release|Any CPU
		{0DF5DE06-09F7-43C6-B492-7D056115DCE3}.Debug|Any CPU.ActiveCfg = Debug|Any CPU
		{0DF5DE06-09F7-43C6-B492-7D056115DCE3}.Debug|Any CPU.Build.0 = Debug|Any CPU
		{0DF5DE06-09F7-43C6-B492-7D056115DCE3}.Release|Any CPU.ActiveCfg = Release|Any CPU
		{0DF5DE06-09F7-43C6-B492-7D056115DCE3}.Release|Any CPU.Build.0 = Release|Any CPU
	EndGlobalSection
	GlobalSection(SolutionProperties) = preSolution
		HideSolutionNode = FALSE
	EndGlobalSection
	GlobalSection(ExtensibilityGlobals) = postSolution
		SolutionGuid = {1079FDC7-DF78-41B2-888B-211F4048AED8}
	EndGlobalSection
EndGlobal
