
Microsoft Visual Studio Solution File, Format Version 12.00
# Visual Studio Version 16
VisualStudioVersion = 16.0.29324.140
MinimumVisualStudioVersion = 10.0.40219.1
Project("{FAE04EC0-301F-11D3-BF4B-00C04F79EFBC}") = "EndevFrameworkGraphicCore", "EndevFrameworkGraphicCore\EndevFrameworkGraphicCore.csproj", "{69D9B217-0D9C-40DB-B12F-2C2B388E3BF0}"
EndProject
Global
	GlobalSection(SolutionConfigurationPlatforms) = preSolution
		Debug|Any CPU = Debug|Any CPU
		Release|Any CPU = Release|Any CPU
	EndGlobalSection
	GlobalSection(ProjectConfigurationPlatforms) = postSolution
		{69D9B217-0D9C-40DB-B12F-2C2B388E3BF0}.Debug|Any CPU.ActiveCfg = Debug|Any CPU
		{69D9B217-0D9C-40DB-B12F-2C2B388E3BF0}.Debug|Any CPU.Build.0 = Debug|Any CPU
		{69D9B217-0D9C-40DB-B12F-2C2B388E3BF0}.Release|Any CPU.ActiveCfg = Release|Any CPU
		{69D9B217-0D9C-40DB-B12F-2C2B388E3BF0}.Release|Any CPU.Build.0 = Release|Any CPU
	EndGlobalSection
	GlobalSection(SolutionProperties) = preSolution
		HideSolutionNode = FALSE
	EndGlobalSection
	GlobalSection(ExtensibilityGlobals) = postSolution
		SolutionGuid = {20CCB4E9-25F0-431F-B412-41872608DEEF}
	EndGlobalSection
EndGlobal
