
Microsoft Visual Studio Solution File, Format Version 12.00
# Visual Studio Version 16
VisualStudioVersion = 16.0.29503.13
MinimumVisualStudioVersion = 10.0.40219.1
Project("{FAE04EC0-301F-11D3-BF4B-00C04F79EFBC}") = "NetComTestManager", "NetComTestManager\NetComTestManager.csproj", "{3B2446F4-EED4-45DA-AA78-CC27E0E17EB6}"
EndProject
Project("{FAE04EC0-301F-11D3-BF4B-00C04F79EFBC}") = "EndevFrameworkNetworkCore", "cHdlrNetComHandler\EndevFrameworkNetworkCore.csproj", "{C03B3631-71D7-46FF-A7D2-B2CD7CD092D3}"
EndProject
Project("{FAE04EC0-301F-11D3-BF4B-00C04F79EFBC}") = "SourceTestProject", "SourceTestProject\SourceTestProject.csproj", "{7AED338D-72F1-48E3-8086-D69FBA8222B7}"
EndProject
Project("{FAE04EC0-301F-11D3-BF4B-00C04F79EFBC}") = "SampleAppClient", "SampleAppClient\SampleAppClient.csproj", "{4AB833C7-A80B-4DDD-A358-7D32CE9031A2}"
EndProject
Project("{FAE04EC0-301F-11D3-BF4B-00C04F79EFBC}") = "SampleAppServer", "SampleAppServer\SampleAppServer.csproj", "{DD0DA5D1-ADF8-4080-928F-01A06AA74F6E}"
EndProject
Project("{FAE04EC0-301F-11D3-BF4B-00C04F79EFBC}") = "SampleStartupAssist", "SampleStartupAssist\SampleStartupAssist.csproj", "{30FAEDF9-F030-4BC3-888E-84C5EF8BE8AD}"
EndProject
Global
	GlobalSection(SolutionConfigurationPlatforms) = preSolution
		Debug|Any CPU = Debug|Any CPU
		Release|Any CPU = Release|Any CPU
	EndGlobalSection
	GlobalSection(ProjectConfigurationPlatforms) = postSolution
		{3B2446F4-EED4-45DA-AA78-CC27E0E17EB6}.Debug|Any CPU.ActiveCfg = Debug|Any CPU
		{3B2446F4-EED4-45DA-AA78-CC27E0E17EB6}.Debug|Any CPU.Build.0 = Debug|Any CPU
		{3B2446F4-EED4-45DA-AA78-CC27E0E17EB6}.Release|Any CPU.ActiveCfg = Release|Any CPU
		{3B2446F4-EED4-45DA-AA78-CC27E0E17EB6}.Release|Any CPU.Build.0 = Release|Any CPU
		{C03B3631-71D7-46FF-A7D2-B2CD7CD092D3}.Debug|Any CPU.ActiveCfg = Debug|Any CPU
		{C03B3631-71D7-46FF-A7D2-B2CD7CD092D3}.Debug|Any CPU.Build.0 = Debug|Any CPU
		{C03B3631-71D7-46FF-A7D2-B2CD7CD092D3}.Release|Any CPU.ActiveCfg = Release|Any CPU
		{C03B3631-71D7-46FF-A7D2-B2CD7CD092D3}.Release|Any CPU.Build.0 = Release|Any CPU
		{7AED338D-72F1-48E3-8086-D69FBA8222B7}.Debug|Any CPU.ActiveCfg = Debug|Any CPU
		{7AED338D-72F1-48E3-8086-D69FBA8222B7}.Debug|Any CPU.Build.0 = Debug|Any CPU
		{7AED338D-72F1-48E3-8086-D69FBA8222B7}.Release|Any CPU.ActiveCfg = Release|Any CPU
		{7AED338D-72F1-48E3-8086-D69FBA8222B7}.Release|Any CPU.Build.0 = Release|Any CPU
		{4AB833C7-A80B-4DDD-A358-7D32CE9031A2}.Debug|Any CPU.ActiveCfg = Debug|Any CPU
		{4AB833C7-A80B-4DDD-A358-7D32CE9031A2}.Debug|Any CPU.Build.0 = Debug|Any CPU
		{4AB833C7-A80B-4DDD-A358-7D32CE9031A2}.Release|Any CPU.ActiveCfg = Release|Any CPU
		{4AB833C7-A80B-4DDD-A358-7D32CE9031A2}.Release|Any CPU.Build.0 = Release|Any CPU
		{DD0DA5D1-ADF8-4080-928F-01A06AA74F6E}.Debug|Any CPU.ActiveCfg = Debug|Any CPU
		{DD0DA5D1-ADF8-4080-928F-01A06AA74F6E}.Debug|Any CPU.Build.0 = Debug|Any CPU
		{DD0DA5D1-ADF8-4080-928F-01A06AA74F6E}.Release|Any CPU.ActiveCfg = Release|Any CPU
		{DD0DA5D1-ADF8-4080-928F-01A06AA74F6E}.Release|Any CPU.Build.0 = Release|Any CPU
		{30FAEDF9-F030-4BC3-888E-84C5EF8BE8AD}.Debug|Any CPU.ActiveCfg = Debug|Any CPU
		{30FAEDF9-F030-4BC3-888E-84C5EF8BE8AD}.Debug|Any CPU.Build.0 = Debug|Any CPU
		{30FAEDF9-F030-4BC3-888E-84C5EF8BE8AD}.Release|Any CPU.ActiveCfg = Release|Any CPU
		{30FAEDF9-F030-4BC3-888E-84C5EF8BE8AD}.Release|Any CPU.Build.0 = Release|Any CPU
	EndGlobalSection
	GlobalSection(SolutionProperties) = preSolution
		HideSolutionNode = FALSE
	EndGlobalSection
	GlobalSection(ExtensibilityGlobals) = postSolution
		SolutionGuid = {13CC60EB-4E1C-4F73-8C25-9453431DF032}
	EndGlobalSection
EndGlobal
